
Microsoft Visual Studio Solution File, Format Version 12.00
# Visual Studio Version 17
VisualStudioVersion = 17.0.32112.339
MinimumVisualStudioVersion = 10.0.40219.1
Project("{FAE04EC0-301F-11D3-BF4B-00C04F79EFBC}") = "MailServer.Net", "MailServer.Net\MailServer.Net.csproj", "{47CF6E41-4AA5-4893-97A2-EB6523CF432B}"
EndProject
Project("{FAE04EC0-301F-11D3-BF4B-00C04F79EFBC}") = "MailServer.Net.Tests", "MailServer.Net.Tests\MailServer.Net.Tests.csproj", "{70CBA84D-FB34-448B-B410-F8E5D0123DBF}"
EndProject
Project("{FAE04EC0-301F-11D3-BF4B-00C04F79EFBC}") = "MailServer.Worker", "MailServer.Worker\MailServer.Worker.csproj", "{979346CD-C29D-4084-83D3-60A5267F223C}"
EndProject
Global
	GlobalSection(SolutionConfigurationPlatforms) = preSolution
		Debug|Any CPU = Debug|Any CPU
		Release|Any CPU = Release|Any CPU
	EndGlobalSection
	GlobalSection(ProjectConfigurationPlatforms) = postSolution
		{47CF6E41-4AA5-4893-97A2-EB6523CF432B}.Debug|Any CPU.ActiveCfg = Debug|Any CPU
		{47CF6E41-4AA5-4893-97A2-EB6523CF432B}.Debug|Any CPU.Build.0 = Debug|Any CPU
		{47CF6E41-4AA5-4893-97A2-EB6523CF432B}.Release|Any CPU.ActiveCfg = Release|Any CPU
		{47CF6E41-4AA5-4893-97A2-EB6523CF432B}.Release|Any CPU.Build.0 = Release|Any CPU
		{70CBA84D-FB34-448B-B410-F8E5D0123DBF}.Debug|Any CPU.ActiveCfg = Debug|Any CPU
		{70CBA84D-FB34-448B-B410-F8E5D0123DBF}.Debug|Any CPU.Build.0 = Debug|Any CPU
		{70CBA84D-FB34-448B-B410-F8E5D0123DBF}.Release|Any CPU.ActiveCfg = Release|Any CPU
		{70CBA84D-FB34-448B-B410-F8E5D0123DBF}.Release|Any CPU.Build.0 = Release|Any CPU
		{979346CD-C29D-4084-83D3-60A5267F223C}.Debug|Any CPU.ActiveCfg = Debug|Any CPU
		{979346CD-C29D-4084-83D3-60A5267F223C}.Debug|Any CPU.Build.0 = Debug|Any CPU
		{979346CD-C29D-4084-83D3-60A5267F223C}.Release|Any CPU.ActiveCfg = Release|Any CPU
		{979346CD-C29D-4084-83D3-60A5267F223C}.Release|Any CPU.Build.0 = Release|Any CPU
	EndGlobalSection
	GlobalSection(SolutionProperties) = preSolution
		HideSolutionNode = FALSE
	EndGlobalSection
	GlobalSection(ExtensibilityGlobals) = postSolution
		SolutionGuid = {34CD7CCA-7CFE-42CA-9292-9E7BFE93B738}
	EndGlobalSection
EndGlobal
